
Microsoft Visual Studio Solution File, Format Version 12.00
# Visual Studio Version 16
VisualStudioVersion = 16.0.30907.101
MinimumVisualStudioVersion = 10.0.40219.1
Project("{9A19103F-16F7-4668-BE54-9A1E7A4F7556}") = "WebApplication.NETCORE", "WebApplication.NETCORE\WebApplication.NETCORE.csproj", "{14633CCC-21F7-4A00-85D6-C2B4FE5E8CD6}"
EndProject
Project("{FAE04EC0-301F-11D3-BF4B-00C04F79EFBC}") = "DataAccessLayer", "DataAccessLayer\DataAccessLayer.csproj", "{D76E392F-3654-4766-BBB8-9FA10C5D3727}"
EndProject
Global
	GlobalSection(SolutionConfigurationPlatforms) = preSolution
		Debug|Any CPU = Debug|Any CPU
		Release|Any CPU = Release|Any CPU
	EndGlobalSection
	GlobalSection(ProjectConfigurationPlatforms) = postSolution
		{14633CCC-21F7-4A00-85D6-C2B4FE5E8CD6}.Debug|Any CPU.ActiveCfg = Debug|Any CPU
		{14633CCC-21F7-4A00-85D6-C2B4FE5E8CD6}.Debug|Any CPU.Build.0 = Debug|Any CPU
		{14633CCC-21F7-4A00-85D6-C2B4FE5E8CD6}.Release|Any CPU.ActiveCfg = Release|Any CPU
		{14633CCC-21F7-4A00-85D6-C2B4FE5E8CD6}.Release|Any CPU.Build.0 = Release|Any CPU
		{D76E392F-3654-4766-BBB8-9FA10C5D3727}.Debug|Any CPU.ActiveCfg = Debug|Any CPU
		{D76E392F-3654-4766-BBB8-9FA10C5D3727}.Debug|Any CPU.Build.0 = Debug|Any CPU
		{D76E392F-3654-4766-BBB8-9FA10C5D3727}.Release|Any CPU.ActiveCfg = Release|Any CPU
		{D76E392F-3654-4766-BBB8-9FA10C5D3727}.Release|Any CPU.Build.0 = Release|Any CPU
	EndGlobalSection
	GlobalSection(SolutionProperties) = preSolution
		HideSolutionNode = FALSE
	EndGlobalSection
	GlobalSection(ExtensibilityGlobals) = postSolution
		SolutionGuid = {A4859743-187F-4D03-BBB7-DA7E43FC08D7}
	EndGlobalSection
EndGlobal
